
Microsoft Visual Studio Solution File, Format Version 12.00
# Visual Studio 2013
VisualStudioVersion = 12.0.21005.1
MinimumVisualStudioVersion = 10.0.40219.1
Project("{FAE04EC0-301F-11D3-BF4B-00C04F79EFBC}") = "Handlebars.Net", "Handlebars.Net\Handlebars.Net.csproj", "{4A559009-3D29-439C-8E4E-7F4858430BF7}"
EndProject
Project("{FAE04EC0-301F-11D3-BF4B-00C04F79EFBC}") = "Handlebars.Net.Tests", "Handlebars.Net.Tests\Handlebars.Net.Tests.csproj", "{A3343614-A476-43B9-8DD0-98277749DC57}"
EndProject
Global
	GlobalSection(SolutionConfigurationPlatforms) = preSolution
		Debug|Any CPU = Debug|Any CPU
		Release|Any CPU = Release|Any CPU
	EndGlobalSection
	GlobalSection(ProjectConfigurationPlatforms) = postSolution
		{4A559009-3D29-439C-8E4E-7F4858430BF7}.Debug|Any CPU.ActiveCfg = Debug|Any CPU
		{4A559009-3D29-439C-8E4E-7F4858430BF7}.Debug|Any CPU.Build.0 = Debug|Any CPU
		{4A559009-3D29-439C-8E4E-7F4858430BF7}.Release|Any CPU.ActiveCfg = Release|Any CPU
		{4A559009-3D29-439C-8E4E-7F4858430BF7}.Release|Any CPU.Build.0 = Release|Any CPU
		{A3343614-A476-43B9-8DD0-98277749DC57}.Debug|Any CPU.ActiveCfg = Debug|Any CPU
		{A3343614-A476-43B9-8DD0-98277749DC57}.Debug|Any CPU.Build.0 = Debug|Any CPU
		{A3343614-A476-43B9-8DD0-98277749DC57}.Release|Any CPU.ActiveCfg = Release|Any CPU
		{A3343614-A476-43B9-8DD0-98277749DC57}.Release|Any CPU.Build.0 = Release|Any CPU
	EndGlobalSection
	GlobalSection(SolutionProperties) = preSolution
		HideSolutionNode = FALSE
	EndGlobalSection
EndGlobal
